// !$*UTF8*$!
{
	archiveVersion = 1;
	classes = {
	};
	objectVersion = 50;
	objects = {

/* Begin PBXBuildFile section */
		2D64AE83219DD62C00B7491D /* AppDelegate.swift in Sources */ = {isa = PBXBuildFile; fileRef = 2D64AE82219DD62C00B7491D /* AppDelegate.swift */; };
		2D64AE85219DD62C00B7491D /* ViewController.swift in Sources */ = {isa = PBXBuildFile; fileRef = 2D64AE84219DD62C00B7491D /* ViewController.swift */; };
		2D64AE88219DD62C00B7491D /* Main.storyboard in Resources */ = {isa = PBXBuildFile; fileRef = 2D64AE86219DD62C00B7491D /* Main.storyboard */; };
		2D64AE8A219DD62D00B7491D /* Assets.xcassets in Resources */ = {isa = PBXBuildFile; fileRef = 2D64AE89219DD62D00B7491D /* Assets.xcassets */; };
		2D64AE8D219DD62D00B7491D /* LaunchScreen.storyboard in Resources */ = {isa = PBXBuildFile; fileRef = 2D64AE8B219DD62D00B7491D /* LaunchScreen.storyboard */; };
		4B970446B3426614986784FD /* Pods_Firestore_testing_mkII.framework in Frameworks */ = {isa = PBXBuildFile; fileRef = EEF3983BE37EE9E00C1B0D98 /* Pods_Firestore_testing_mkII.framework */; };
/* End PBXBuildFile section */

/* Begin PBXFileReference section */
		05F6943D0EDE1DDF9749F254 /* Pods-Firestore testing mkII.debug.xcconfig */ = {isa = PBXFileReference; includeInIndex = 1; lastKnownFileType = text.xcconfig; name = "Pods-Firestore testing mkII.debug.xcconfig"; path = "Pods/Target Support Files/Pods-Firestore testing mkII/Pods-Firestore testing mkII.debug.xcconfig"; sourceTree = "<group>"; };
		2D64AE7F219DD62C00B7491D /* Firestore testing mkII.app */ = {isa = PBXFileReference; explicitFileType = wrapper.application; includeInIndex = 0; path = "Firestore testing mkII.app"; sourceTree = BUILT_PRODUCTS_DIR; };
		2D64AE82219DD62C00B7491D /* AppDelegate.swift */ = {isa = PBXFileReference; lastKnownFileType = sourcecode.swift; path = AppDelegate.swift; sourceTree = "<group>"; };
		2D64AE84219DD62C00B7491D /* ViewController.swift */ = {isa = PBXFileReference; lastKnownFileType = sourcecode.swift; path = ViewController.swift; sourceTree = "<group>"; };
		2D64AE87219DD62C00B7491D /* Base */ = {isa = PBXFileReference; lastKnownFileType = file.storyboard; name = Base; path = Base.lproj/Main.storyboard; sourceTree = "<group>"; };
		2D64AE89219DD62D00B7491D /* Assets.xcassets */ = {isa = PBXFileReference; lastKnownFileType = folder.assetcatalog; path = Assets.xcassets; sourceTree = "<group>"; };
		2D64AE8C219DD62D00B7491D /* Base */ = {isa = PBXFileReference; lastKnownFileType = file.storyboard; name = Base; path = Base.lproj/LaunchScreen.storyboard; sourceTree = "<group>"; };
		2D64AE8E219DD62D00B7491D /* Info.plist */ = {isa = PBXFileReference; lastKnownFileType = text.plist.xml; path = Info.plist; sourceTree = "<group>"; };
		996F9C3C4C3DF2A990D3A551 /* Pods-Firestore testing mkII.release.xcconfig */ = {isa = PBXFileReference; includeInIndex = 1; lastKnownFileType = text.xcconfig; name = "Pods-Firestore testing mkII.release.xcconfig"; path = "Pods/Target Support Files/Pods-Firestore testing mkII/Pods-Firestore testing mkII.release.xcconfig"; sourceTree = "<group>"; };
		EEF3983BE37EE9E00C1B0D98 /* Pods_Firestore_testing_mkII.framework */ = {isa = PBXFileReference; explicitFileType = wrapper.framework; includeInIndex = 0; path = Pods_Firestore_testing_mkII.framework; sourceTree = BUILT_PRODUCTS_DIR; };
/* End PBXFileReference section */

/* Begin PBXFrameworksBuildPhase section */
		2D64AE7C219DD62C00B7491D /* Frameworks */ = {
			isa = PBXFrameworksBuildPhase;
			buildActionMask = 2147483647;
			files = (
				4B970446B3426614986784FD /* Pods_Firestore_testing_mkII.framework in Frameworks */,
			);
			runOnlyForDeploymentPostprocessing = 0;
		};
/* End PBXFrameworksBuildPhase section */

/* Begin PBXGroup section */
		12E54E872223A5CDF9E48050 /* Pods */ = {
			isa = PBXGroup;
			children = (
				05F6943D0EDE1DDF9749F254 /* Pods-Firestore testing mkII.debug.xcconfig */,
				996F9C3C4C3DF2A990D3A551 /* Pods-Firestore testing mkII.release.xcconfig */,
			);
			name = Pods;
			sourceTree = "<group>";
		};
		2A9E0D07D0AF3316D59CE0AF /* Frameworks */ = {
			isa = PBXGroup;
			children = (
				EEF3983BE37EE9E00C1B0D98 /* Pods_Firestore_testing_mkII.framework */,
			);
			name = Frameworks;
			sourceTree = "<group>";
		};
		2D64AE76219DD62C00B7491D = {
			isa = PBXGroup;
			children = (
				2D64AE81219DD62C00B7491D /* Firestore testing mkII */,
				2D64AE80219DD62C00B7491D /* Products */,
				12E54E872223A5CDF9E48050 /* Pods */,
				2A9E0D07D0AF3316D59CE0AF /* Frameworks */,
			);
			sourceTree = "<group>";
		};
		2D64AE80219DD62C00B7491D /* Products */ = {
			isa = PBXGroup;
			children = (
				2D64AE7F219DD62C00B7491D /* Firestore testing mkII.app */,
			);
			name = Products;
			sourceTree = "<group>";
		};
		2D64AE81219DD62C00B7491D /* Firestore testing mkII */ = {
			isa = PBXGroup;
			children = (
				2D64AE82219DD62C00B7491D /* AppDelegate.swift */,
				2D64AE84219DD62C00B7491D /* ViewController.swift */,
				2D64AE86219DD62C00B7491D /* Main.storyboard */,
				2D64AE89219DD62D00B7491D /* Assets.xcassets */,
				2D64AE8B219DD62D00B7491D /* LaunchScreen.storyboard */,
				2D64AE8E219DD62D00B7491D /* Info.plist */,
			);
			path = "Firestore testing mkII";
			sourceTree = "<group>";
		};
/* End PBXGroup section */

/* Begin PBXNativeTarget section */
		2D64AE7E219DD62C00B7491D /* Firestore testing mkII */ = {
			isa = PBXNativeTarget;
			buildConfigurationList = 2D64AE91219DD62D00B7491D /* Build configuration list for PBXNativeTarget "Firestore testing mkII" */;
			buildPhases = (
				57A965ACD4B18884343E2048 /* [CP] Check Pods Manifest.lock */,
				2D64AE7B219DD62C00B7491D /* Sources */,
				2D64AE7C219DD62C00B7491D /* Frameworks */,
				2D64AE7D219DD62C00B7491D /* Resources */,
				6D05C62D739B8E2631485558 /* [CP] Embed Pods Frameworks */,
			);
			buildRules = (
			);
			dependencies = (
			);
			name = "Firestore testing mkII";
			productName = "Firestore testing mkII";
			productReference = 2D64AE7F219DD62C00B7491D /* Firestore testing mkII.app */;
			productType = "com.apple.product-type.application";
		};
/* End PBXNativeTarget section */

/* Begin PBXProject section */
		2D64AE77219DD62C00B7491D /* Project object */ = {
			isa = PBXProject;
			attributes = {
				LastSwiftUpdateCheck = 1010;
				LastUpgradeCheck = 1010;
				ORGANIZATIONNAME = "Dakota Brown";
				TargetAttributes = {
					2D64AE7E219DD62C00B7491D = {
						CreatedOnToolsVersion = 10.1;
					};
				};
			};
			buildConfigurationList = 2D64AE7A219DD62C00B7491D /* Build configuration list for PBXProject "Firestore testing mkII" */;
			compatibilityVersion = "Xcode 9.3";
			developmentRegion = en;
			hasScannedForEncodings = 0;
			knownRegions = (
				en,
				Base,
			);
			mainGroup = 2D64AE76219DD62C00B7491D;
			productRefGroup = 2D64AE80219DD62C00B7491D /* Products */;
			projectDirPath = "";
			projectRoot = "";
			targets = (
				2D64AE7E219DD62C00B7491D /* Firestore testing mkII */,
			);
		};
/* End PBXProject section */

/* Begin PBXResourcesBuildPhase section */
		2D64AE7D219DD62C00B7491D /* Resources */ = {
			isa = PBXResourcesBuildPhase;
			buildActionMask = 2147483647;
			files = (
				2D64AE8D219DD62D00B7491D /* LaunchScreen.storyboard in Resources */,
				2D64AE8A219DD62D00B7491D /* Assets.xcassets in Resources */,
				2D64AE88219DD62C00B7491D /* Main.storyboard in Resources */,
			);
			runOnlyForDeploymentPostprocessing = 0;
		};
/* End PBXResourcesBuildPhase section */

/* Begin PBXShellScriptBuildPhase section */
		57A965ACD4B18884343E2048 /* [CP] Check Pods Manifest.lock */ = {
			isa = PBXShellScriptBuildPhase;
			buildActionMask = 2147483647;
			files = (
			);
			inputPaths = (
				"${PODS_PODFILE_DIR_PATH}/Podfile.lock",
				"${PODS_ROOT}/Manifest.lock",
			);
			name = "[CP] Check Pods Manifest.lock";
			outputPaths = (
				"$(DERIVED_FILE_DIR)/Pods-Firestore testing mkII-checkManifestLockResult.txt",
			);
			runOnlyForDeploymentPostprocessing = 0;
			shellPath = /bin/sh;
			shellScript = "diff \"${PODS_PODFILE_DIR_PATH}/Podfile.lock\" \"${PODS_ROOT}/Manifest.lock\" > /dev/null\nif [ $? != 0 ] ; then\n    # print error to STDERR\n    echo \"error: The sandbox is not in sync with the Podfile.lock. Run 'pod install' or update your CocoaPods installation.\" >&2\n    exit 1\nfi\n# This output is used by Xcode 'outputs' to avoid re-running this script phase.\necho \"SUCCESS\" > \"${SCRIPT_OUTPUT_FILE_0}\"\n";
			showEnvVarsInLog = 0;
		};
		6D05C62D739B8E2631485558 /* [CP] Embed Pods Frameworks */ = {
			isa = PBXShellScriptBuildPhase;
			buildActionMask = 2147483647;
			files = (
			);
			inputPaths = (
				"${SRCROOT}/Pods/Target Support Files/Pods-Firestore testing mkII/Pods-Firestore testing mkII-frameworks.sh",
				"${BUILT_PRODUCTS_DIR}/BoringSSL/openssl.framework",
				"${BUILT_PRODUCTS_DIR}/GTMSessionFetcher/GTMSessionFetcher.framework",
				"${BUILT_PRODUCTS_DIR}/GoogleUtilities/GoogleUtilities.framework",
				"${BUILT_PRODUCTS_DIR}/Protobuf/Protobuf.framework",
				"${BUILT_PRODUCTS_DIR}/gRPC/GRPCClient.framework",
				"${BUILT_PRODUCTS_DIR}/gRPC-C++/grpcpp.framework",
				"${BUILT_PRODUCTS_DIR}/gRPC-Core/grpc.framework",
				"${BUILT_PRODUCTS_DIR}/gRPC-ProtoRPC/ProtoRPC.framework",
				"${BUILT_PRODUCTS_DIR}/gRPC-RxLibrary/RxLibrary.framework",
				"${BUILT_PRODUCTS_DIR}/leveldb-library/leveldb.framework",
				"${BUILT_PRODUCTS_DIR}/nanopb/nanopb.framework",
			);
			name = "[CP] Embed Pods Frameworks";
			outputPaths = (
				"${TARGET_BUILD_DIR}/${FRAMEWORKS_FOLDER_PATH}/openssl.framework",
				"${TARGET_BUILD_DIR}/${FRAMEWORKS_FOLDER_PATH}/GTMSessionFetcher.framework",
				"${TARGET_BUILD_DIR}/${FRAMEWORKS_FOLDER_PATH}/GoogleUtilities.framework",
				"${TARGET_BUILD_DIR}/${FRAMEWORKS_FOLDER_PATH}/Protobuf.framework",
				"${TARGET_BUILD_DIR}/${FRAMEWORKS_FOLDER_PATH}/GRPCClient.framework",
				"${TARGET_BUILD_DIR}/${FRAMEWORKS_FOLDER_PATH}/grpcpp.framework",
				"${TARGET_BUILD_DIR}/${FRAMEWORKS_FOLDER_PATH}/grpc.framework",
				"${TARGET_BUILD_DIR}/${FRAMEWORKS_FOLDER_PATH}/ProtoRPC.framework",
				"${TARGET_BUILD_DIR}/${FRAMEWORKS_FOLDER_PATH}/RxLibrary.framework",
				"${TARGET_BUILD_DIR}/${FRAMEWORKS_FOLDER_PATH}/leveldb.framework",
				"${TARGET_BUILD_DIR}/${FRAMEWORKS_FOLDER_PATH}/nanopb.framework",
			);
			runOnlyForDeploymentPostprocessing = 0;
			shellPath = /bin/sh;
			shellScript = "\"${SRCROOT}/Pods/Target Support Files/Pods-Firestore testing mkII/Pods-Firestore testing mkII-frameworks.sh\"\n";
			showEnvVarsInLog = 0;
		};
/* End PBXShellScriptBuildPhase section */

/* Begin PBXSourcesBuildPhase section */
		2D64AE7B219DD62C00B7491D /* Sources */ = {
			isa = PBXSourcesBuildPhase;
			buildActionMask = 2147483647;
			files = (
				2D64AE85219DD62C00B7491D /* ViewController.swift in Sources */,
				2D64AE83219DD62C00B7491D /* AppDelegate.swift in Sources */,
			);
			runOnlyForDeploymentPostprocessing = 0;
		};
/* End PBXSourcesBuildPhase section */

/* Begin PBXVariantGroup section */
		2D64AE86219DD62C00B7491D /* Main.storyboard */ = {
			isa = PBXVariantGroup;
			children = (
				2D64AE87219DD62C00B7491D /* Base */,
			);
			name = Main.storyboard;
			sourceTree = "<group>";
		};
		2D64AE8B219DD62D00B7491D /* LaunchScreen.storyboard */ = {
			isa = PBXVariantGroup;
			children = (
				2D64AE8C219DD62D00B7491D /* Base */,
			);
			name = LaunchScreen.storyboard;
			sourceTree = "<group>";
		};
/* End PBXVariantGroup section */

/* Begin XCBuildConfiguration section */
		2D64AE8F219DD62D00B7491D /* Debug */ = {
			isa = XCBuildConfiguration;
			buildSettings = {
				ALWAYS_SEARCH_USER_PATHS = NO;
				CLANG_ANALYZER_NONNULL = YES;
				CLANG_ANALYZER_NUMBER_OBJECT_CONVERSION = YES_AGGRESSIVE;
				CLANG_CXX_LANGUAGE_STANDARD = "gnu++14";
				CLANG_CXX_LIBRARY = "libc++";
				CLANG_ENABLE_MODULES = YES;
				CLANG_ENABLE_OBJC_ARC = YES;
				CLANG_ENABLE_OBJC_WEAK = YES;
				CLANG_WARN_BLOCK_CAPTURE_AUTORELEASING = YES;
				CLANG_WARN_BOOL_CONVERSION = YES;
				CLANG_WARN_COMMA = YES;
				CLANG_WARN_CONSTANT_CONVERSION = YES;
				CLANG_WARN_DEPRECATED_OBJC_IMPLEMENTATIONS = YES;
				CLANG_WARN_DIRECT_OBJC_ISA_USAGE = YES_ERROR;
				CLANG_WARN_DOCUMENTATION_COMMENTS = YES;
				CLANG_WARN_EMPTY_BODY = YES;
				CLANG_WARN_ENUM_CONVERSION = YES;
				CLANG_WARN_INFINITE_RECURSION = YES;
				CLANG_WARN_INT_CONVERSION = YES;
				CLANG_WARN_NON_LITERAL_NULL_CONVERSION = YES;
				CLANG_WARN_OBJC_IMPLICIT_RETAIN_SELF = YES;
				CLANG_WARN_OBJC_LITERAL_CONVERSION = YES;
				CLANG_WARN_OBJC_ROOT_CLASS = YES_ERROR;
				CLANG_WARN_RANGE_LOOP_ANALYSIS = YES;
				CLANG_WARN_STRICT_PROTOTYPES = YES;
				CLANG_WARN_SUSPICIOUS_MOVE = YES;
				CLANG_WARN_UNGUARDED_AVAILABILITY = YES_AGGRESSIVE;
				CLANG_WARN_UNREACHABLE_CODE = YES;
				CLANG_WARN__DUPLICATE_METHOD_MATCH = YES;
				CODE_SIGN_IDENTITY = "iPhone Developer";
				COPY_PHASE_STRIP = NO;
				DEBUG_INFORMATION_FORMAT = dwarf;
				ENABLE_STRICT_OBJC_MSGSEND = YES;
				ENABLE_TESTABILITY = YES;
				GCC_C_LANGUAGE_STANDARD = gnu11;
				GCC_DYNAMIC_NO_PIC = NO;
				GCC_NO_COMMON_BLOCKS = YES;
				GCC_OPTIMIZATION_LEVEL = 0;
				GCC_PREPROCESSOR_DEFINITIONS = (
					"DEBUG=1",
					"$(inherited)",
				);
				GCC_WARN_64_TO_32_BIT_CONVERSION = YES;
				GCC_WARN_ABOUT_RETURN_TYPE = YES_ERROR;
				GCC_WARN_UNDECLARED_SELECTOR = YES;
				GCC_WARN_UNINITIALIZED_AUTOS = YES_AGGRESSIVE;
				GCC_WARN_UNUSED_FUNCTION = YES;
				GCC_WARN_UNUSED_VARIABLE = YES;
				IPHONEOS_DEPLOYMENT_TARGET = 12.1;
				MTL_ENABLE_DEBUG_INFO = INCLUDE_SOURCE;
				MTL_FAST_MATH = YES;
				ONLY_ACTIVE_ARCH = YES;
				SDKROOT = iphoneos;
				SWIFT_ACTIVE_COMPILATION_CONDITIONS = DEBUG;
				SWIFT_OPTIMIZATION_LEVEL = "-Onone";
			};
			name = Debug;
		};
		2D64AE90219DD62D00B7491D /* Release */ = {
			isa = XCBuildConfiguration;
			buildSettings = {
				ALWAYS_SEARCH_USER_PATHS = NO;
				CLANG_ANALYZER_NONNULL = YES;
				CLANG_ANALYZER_NUMBER_OBJECT_CONVERSION = YES_AGGRESSIVE;
				CLANG_CXX_LANGUAGE_STANDARD = "gnu++14";
				CLANG_CXX_LIBRARY = "libc++";
				CLANG_ENABLE_MODULES = YES;
				CLANG_ENABLE_OBJC_ARC = YES;
				CLANG_ENABLE_OBJC_WEAK = YES;
				CLANG_WARN_BLOCK_CAPTURE_AUTORELEASING = YES;
				CLANG_WARN_BOOL_CONVERSION = YES;
				CLANG_WARN_COMMA = YES;
				CLANG_WARN_CONSTANT_CONVERSION = YES;
				CLANG_WARN_DEPRECATED_OBJC_IMPLEMENTATIONS = YES;
				CLANG_WARN_DIRECT_OBJC_ISA_USAGE = YES_ERROR;
				CLANG_WARN_DOCUMENTATION_COMMENTS = YES;
				CLANG_WARN_EMPTY_BODY = YES;
				CLANG_WARN_ENUM_CONVERSION = YES;
				CLANG_WARN_INFINITE_RECURSION = YES;
				CLANG_WARN_INT_CONVERSION = YES;
				CLANG_WARN_NON_LITERAL_NULL_CONVERSION = YES;
				CLANG_WARN_OBJC_IMPLICIT_RETAIN_SELF = YES;
				CLANG_WARN_OBJC_LITERAL_CONVERSION = YES;
				CLANG_WARN_OBJC_ROOT_CLASS = YES_ERROR;
				CLANG_WARN_RANGE_LOOP_ANALYSIS = YES;
				CLANG_WARN_STRICT_PROTOTYPES = YES;
				CLANG_WARN_SUSPICIOUS_MOVE = YES;
				CLANG_WARN_UNGUARDED_AVAILABILITY = YES_AGGRESSIVE;
				CLANG_WARN_UNREACHABLE_CODE = YES;
				CLANG_WARN__DUPLICATE_METHOD_MATCH = YES;
				CODE_SIGN_IDENTITY = "iPhone Developer";
				COPY_PHASE_STRIP = NO;
				DEBUG_INFORMATION_FORMAT = "dwarf-with-dsym";
				ENABLE_NS_ASSERTIONS = NO;
				ENABLE_STRICT_OBJC_MSGSEND = YES;
				GCC_C_LANGUAGE_STANDARD = gnu11;
				GCC_NO_COMMON_BLOCKS = YES;
				GCC_WARN_64_TO_32_BIT_CONVERSION = YES;
				GCC_WARN_ABOUT_RETURN_TYPE = YES_ERROR;
				GCC_WARN_UNDECLARED_SELECTOR = YES;
				GCC_WARN_UNINITIALIZED_AUTOS = YES_AGGRESSIVE;
				GCC_WARN_UNUSED_FUNCTION = YES;
				GCC_WARN_UNUSED_VARIABLE = YES;
				IPHONEOS_DEPLOYMENT_TARGET = 12.1;
				MTL_ENABLE_DEBUG_INFO = NO;
				MTL_FAST_MATH = YES;
				SDKROOT = iphoneos;
				SWIFT_COMPILATION_MODE = wholemodule;
				SWIFT_OPTIMIZATION_LEVEL = "-O";
				VALIDATE_PRODUCT = YES;
			};
			name = Release;
		};
		2D64AE92219DD62D00B7491D /* Debug */ = {
			isa = XCBuildConfiguration;
			baseConfigurationReference = 05F6943D0EDE1DDF9749F254 /* Pods-Firestore testing mkII.debug.xcconfig */;
			buildSettings = {
				ASSETCATALOG_COMPILER_APPICON_NAME = AppIcon;
				CODE_SIGN_STYLE = Automatic;
				INFOPLIST_FILE = "Firestore testing mkII/Info.plist";
				LD_RUNPATH_SEARCH_PATHS = (
					"$(inherited)",
					"@executable_path/Frameworks",
				);
				PRODUCT_BUNDLE_IDENTIFIER = "brown.dakota.Firestore-testing-mkII";
				PRODUCT_NAME = "$(TARGET_NAME)";
				SWIFT_VERSION = 4.2;
				TARGETED_DEVICE_FAMILY = "1,2";
			};
			name = Debug;
		};
		2D64AE93219DD62D00B7491D /* Release */ = {
			isa = XCBuildConfiguration;
			baseConfigurationReference = 996F9C3C4C3DF2A990D3A551 /* Pods-Firestore testing mkII.release.xcconfig */;
			buildSettings = {
				ASSETCATALOG_COMPILER_APPICON_NAME = AppIcon;
				CODE_SIGN_STYLE = Automatic;
				INFOPLIST_FILE = "Firestore testing mkII/Info.plist";
				LD_RUNPATH_SEARCH_PATHS = (
					"$(inherited)",
					"@executable_path/Frameworks",
				);
				PRODUCT_BUNDLE_IDENTIFIER = "brown.dakota.Firestore-testing-mkII";
				PRODUCT_NAME = "$(TARGET_NAME)";
				SWIFT_VERSION = 4.2;
				TARGETED_DEVICE_FAMILY = "1,2";
			};
			name = Release;
		};
/* End XCBuildConfiguration section */

/* Begin XCConfigurationList section */
		2D64AE7A219DD62C00B7491D /* Build configuration list for PBXProject "Firestore testing mkII" */ = {
			isa = XCConfigurationList;
			buildConfigurations = (
				2D64AE8F219DD62D00B7491D /* Debug */,
				2D64AE90219DD62D00B7491D /* Release */,
			);
			defaultConfigurationIsVisible = 0;
			defaultConfigurationName = Release;
		};
		2D64AE91219DD62D00B7491D /* Build configuration list for PBXNativeTarget "Firestore testing mkII" */ = {
			isa = XCConfigurationList;
			buildConfigurations = (
				2D64AE92219DD62D00B7491D /* Debug */,
				2D64AE93219DD62D00B7491D /* Release */,
			);
			defaultConfigurationIsVisible = 0;
			defaultConfigurationName = Release;
		};
/* End XCConfigurationList section */
	};
	rootObject = 2D64AE77219DD62C00B7491D /* Project object */;
}
